
Microsoft Visual Studio Solution File, Format Version 12.00
# Visual Studio Version 17
VisualStudioVersion = 17.6.33815.320
MinimumVisualStudioVersion = 10.0.40219.1
Project("{FAE04EC0-301F-11D3-BF4B-00C04F79EFBC}") = "Адские исключения part.2", "Адские исключения part.2\Адские исключения part.2.csproj", "{EE33E5A9-38E6-41AF-8A3F-1D2B5ABFC16A}"
EndProject
Global
	GlobalSection(SolutionConfigurationPlatforms) = preSolution
		Debug|Any CPU = Debug|Any CPU
		Release|Any CPU = Release|Any CPU
	EndGlobalSection
	GlobalSection(ProjectConfigurationPlatforms) = postSolution
		{EE33E5A9-38E6-41AF-8A3F-1D2B5ABFC16A}.Debug|Any CPU.ActiveCfg = Debug|Any CPU
		{EE33E5A9-38E6-41AF-8A3F-1D2B5ABFC16A}.Debug|Any CPU.Build.0 = Debug|Any CPU
		{EE33E5A9-38E6-41AF-8A3F-1D2B5ABFC16A}.Release|Any CPU.ActiveCfg = Release|Any CPU
		{EE33E5A9-38E6-41AF-8A3F-1D2B5ABFC16A}.Release|Any CPU.Build.0 = Release|Any CPU
	EndGlobalSection
	GlobalSection(SolutionProperties) = preSolution
		HideSolutionNode = FALSE
	EndGlobalSection
	GlobalSection(ExtensibilityGlobals) = postSolution
		SolutionGuid = {8434A4EB-31F7-453E-AFBB-99B68FB03D9B}
	EndGlobalSection
EndGlobal
